github.com/mitchellh/go-ps v1.0.0 h1:i6ampVEEF4wQFF+bkYfwYgY+F/uYJDktmvLPf7qIgjc=
github.com/mitchellh/go-ps v1.0.0/go.mod h1:J4lOc8z8yJs6vUwklHw2XEIiT4z4C40KtWVN3nvg8Pg=
github.com/robotn/gohook v0.40.0 h1:qqjyRUIoRwwa9yv4xVeL8hX+vdhc9j56p9kF0D+hUuM=
github.com/robotn/gohook v0.40.0/go.mod h1:wyGik0yb4iwCfJjDprtNkTyxkgQWuKoVPQ3hkz6+6js=
github.com/vcaesar/keycode v0.10.0 h1:Qx5QE8ZXHyRyjoA2QOxBp25OKMKB+zxMVqm0FWGV0d4=
github.com/vcaesar/keycode v0.10.0/go.mod h1:JNlY7xbKsh+LAGfY2j4M3znVrGEm5W1R8s/Uv6BJcfQ=
github.com/vcaesar/tt v0.20.0 h1:9t2Ycb9RNHcP0WgQgIaRKJBB+FrRdejuaL6uWIHuoBA=
github.com/vcaesar/tt v0.20.0/go.mod h1:GHPxQYhn+7OgKakRusH7KJ0M5MhywoeLb8Fcffs/Gtg=
